
Microsoft Visual Studio Solution File, Format Version 12.00
# Visual Studio Version 17
VisualStudioVersion = 17.14.36203.30 d17.14
MinimumVisualStudioVersion = 10.0.40219.1
Project("{FAE04EC0-301F-11D3-BF4B-00C04F79EFBC}") = "Task1_deposite calc", "Task1_deposite calc.csproj", "{301623B8-F276-435B-8127-AEC8A13BAFE2}"
EndProject
Global
	GlobalSection(SolutionConfigurationPlatforms) = preSolution
		Debug|Any CPU = Debug|Any CPU
		Release|Any CPU = Release|Any CPU
	EndGlobalSection
	GlobalSection(ProjectConfigurationPlatforms) = postSolution
		{301623B8-F276-435B-8127-AEC8A13BAFE2}.Debug|Any CPU.ActiveCfg = Debug|Any CPU
		{301623B8-F276-435B-8127-AEC8A13BAFE2}.Debug|Any CPU.Build.0 = Debug|Any CPU
		{301623B8-F276-435B-8127-AEC8A13BAFE2}.Release|Any CPU.ActiveCfg = Release|Any CPU
		{301623B8-F276-435B-8127-AEC8A13BAFE2}.Release|Any CPU.Build.0 = Release|Any CPU
	EndGlobalSection
	GlobalSection(SolutionProperties) = preSolution
		HideSolutionNode = FALSE
	EndGlobalSection
	GlobalSection(ExtensibilityGlobals) = postSolution
		SolutionGuid = {DC9F2B14-E950-4FBA-B8D5-41BCA11863EF}
	EndGlobalSection
EndGlobal
