
Microsoft Visual Studio Solution File, Format Version 12.00
# Visual Studio Version 17
VisualStudioVersion = 17.14.36203.30 d17.14
MinimumVisualStudioVersion = 10.0.40219.1
Project("{FAE04EC0-301F-11D3-BF4B-00C04F79EFBC}") = "BookStore", "BookStore.csproj", "{C384BBFA-38AD-4D6F-8767-DA87779BCA51}"
EndProject
Global
	GlobalSection(SolutionConfigurationPlatforms) = preSolution
		Debug|Any CPU = Debug|Any CPU
		Release|Any CPU = Release|Any CPU
	EndGlobalSection
	GlobalSection(ProjectConfigurationPlatforms) = postSolution
		{C384BBFA-38AD-4D6F-8767-DA87779BCA51}.Debug|Any CPU.ActiveCfg = Debug|Any CPU
		{C384BBFA-38AD-4D6F-8767-DA87779BCA51}.Debug|Any CPU.Build.0 = Debug|Any CPU
		{C384BBFA-38AD-4D6F-8767-DA87779BCA51}.Release|Any CPU.ActiveCfg = Release|Any CPU
		{C384BBFA-38AD-4D6F-8767-DA87779BCA51}.Release|Any CPU.Build.0 = Release|Any CPU
	EndGlobalSection
	GlobalSection(SolutionProperties) = preSolution
		HideSolutionNode = FALSE
	EndGlobalSection
	GlobalSection(ExtensibilityGlobals) = postSolution
		SolutionGuid = {3E7D6813-3A39-4FA0-93CB-387CB47B804F}
	EndGlobalSection
EndGlobal
