
Microsoft Visual Studio Solution File, Format Version 12.00
# Visual Studio Version 17
VisualStudioVersion = 17.14.36203.30 d17.14
MinimumVisualStudioVersion = 10.0.40219.1
Project("{FAE04EC0-301F-11D3-BF4B-00C04F79EFBC}") = "Lesson 5", "Lesson 5.csproj", "{10BCF267-85E9-4419-AD56-5447348E2A45}"
EndProject
Global
	GlobalSection(SolutionConfigurationPlatforms) = preSolution
		Debug|Any CPU = Debug|Any CPU
		Release|Any CPU = Release|Any CPU
	EndGlobalSection
	GlobalSection(ProjectConfigurationPlatforms) = postSolution
		{10BCF267-85E9-4419-AD56-5447348E2A45}.Debug|Any CPU.ActiveCfg = Debug|Any CPU
		{10BCF267-85E9-4419-AD56-5447348E2A45}.Debug|Any CPU.Build.0 = Debug|Any CPU
		{10BCF267-85E9-4419-AD56-5447348E2A45}.Release|Any CPU.ActiveCfg = Release|Any CPU
		{10BCF267-85E9-4419-AD56-5447348E2A45}.Release|Any CPU.Build.0 = Release|Any CPU
	EndGlobalSection
	GlobalSection(SolutionProperties) = preSolution
		HideSolutionNode = FALSE
	EndGlobalSection
	GlobalSection(ExtensibilityGlobals) = postSolution
		SolutionGuid = {1A8A64C4-6C71-450E-9A0D-3FA525E51D9E}
	EndGlobalSection
EndGlobal
